
Microsoft Visual Studio Solution File, Format Version 12.00
# Visual Studio Version 17
VisualStudioVersion = 17.13.35818.85 d17.13
MinimumVisualStudioVersion = 10.0.40219.1
Project("{FAE04EC0-301F-11D3-BF4B-00C04F79EFBC}") = "tpmodul7_kelompok_2", "tpmodul7_kelompok_2.csproj", "{486DB68F-F72F-4813-91D4-204CDC9AAF39}"
EndProject
Global
	GlobalSection(SolutionConfigurationPlatforms) = preSolution
		Debug|Any CPU = Debug|Any CPU
		Release|Any CPU = Release|Any CPU
	EndGlobalSection
	GlobalSection(ProjectConfigurationPlatforms) = postSolution
		{486DB68F-F72F-4813-91D4-204CDC9AAF39}.Debug|Any CPU.ActiveCfg = Debug|Any CPU
		{486DB68F-F72F-4813-91D4-204CDC9AAF39}.Debug|Any CPU.Build.0 = Debug|Any CPU
		{486DB68F-F72F-4813-91D4-204CDC9AAF39}.Release|Any CPU.ActiveCfg = Release|Any CPU
		{486DB68F-F72F-4813-91D4-204CDC9AAF39}.Release|Any CPU.Build.0 = Release|Any CPU
	EndGlobalSection
	GlobalSection(SolutionProperties) = preSolution
		HideSolutionNode = FALSE
	EndGlobalSection
	GlobalSection(ExtensibilityGlobals) = postSolution
		SolutionGuid = {018BC275-FA2D-489C-96E0-F10F9635A988}
	EndGlobalSection
EndGlobal
